
Microsoft Visual Studio Solution File, Format Version 12.00
# Visual Studio Version 16
VisualStudioVersion = 16.0.31019.194
MinimumVisualStudioVersion = 10.0.40219.1
Project("{FAE04EC0-301F-11D3-BF4B-00C04F79EFBC}") = "VielTicketScrapper", "VielTicketScrapper\VielTicketScrapper.csproj", "{61717A01-BFB6-418F-9EE9-EFC2B84BA403}"
EndProject
Global
	GlobalSection(SolutionConfigurationPlatforms) = preSolution
		Debug|Any CPU = Debug|Any CPU
		Release|Any CPU = Release|Any CPU
	EndGlobalSection
	GlobalSection(ProjectConfigurationPlatforms) = postSolution
		{61717A01-BFB6-418F-9EE9-EFC2B84BA403}.Debug|Any CPU.ActiveCfg = Debug|Any CPU
		{61717A01-BFB6-418F-9EE9-EFC2B84BA403}.Debug|Any CPU.Build.0 = Debug|Any CPU
		{61717A01-BFB6-418F-9EE9-EFC2B84BA403}.Release|Any CPU.ActiveCfg = Release|Any CPU
		{61717A01-BFB6-418F-9EE9-EFC2B84BA403}.Release|Any CPU.Build.0 = Release|Any CPU
	EndGlobalSection
	GlobalSection(SolutionProperties) = preSolution
		HideSolutionNode = FALSE
	EndGlobalSection
	GlobalSection(ExtensibilityGlobals) = postSolution
		SolutionGuid = {AD1025D9-78FB-4F68-86A4-8068393F1259}
	EndGlobalSection
EndGlobal
