
Microsoft Visual Studio Solution File, Format Version 12.00
# Visual Studio Version 16
VisualStudioVersion = 16.0.31019.194
MinimumVisualStudioVersion = 10.0.40219.1
Project("{9A19103F-16F7-4668-BE54-9A1E7A4F7556}") = "VielTicketScrapper", "VielTicketScrapper\VielTicketScrapper.csproj", "{61717A01-BFB6-418F-9EE9-EFC2B84BA403}"
EndProject
Project("{9A19103F-16F7-4668-BE54-9A1E7A4F7556}") = "VielTicketScrapper.UnitTests", "VielTicketScrapper.UnitTests\VielTicketScrapper.UnitTests.csproj", "{62837185-AC7E-4720-88FE-C6E83DAF1B91}"
EndProject
Project("{FAE04EC0-301F-11D3-BF4B-00C04F79EFBC}") = "VielTicketScrapperConsole", "VielTicketScrapperConsole\VielTicketScrapperConsole.csproj", "{B93063B9-ED05-4E24-A67B-74FE61FC43C9}"
EndProject
Project("{FAE04EC0-301F-11D3-BF4B-00C04F79EFBC}") = "VielTicketScrapperService", "VielTicketScrapperService\VielTicketScrapperService.csproj", "{1FAD70E2-5AA5-4D21-AF9A-7EC3BDC44E55}"
EndProject
Global
	GlobalSection(SolutionConfigurationPlatforms) = preSolution
		Debug|Any CPU = Debug|Any CPU
		Release|Any CPU = Release|Any CPU
	EndGlobalSection
	GlobalSection(ProjectConfigurationPlatforms) = postSolution
		{61717A01-BFB6-418F-9EE9-EFC2B84BA403}.Debug|Any CPU.ActiveCfg = Debug|Any CPU
		{61717A01-BFB6-418F-9EE9-EFC2B84BA403}.Debug|Any CPU.Build.0 = Debug|Any CPU
		{61717A01-BFB6-418F-9EE9-EFC2B84BA403}.Release|Any CPU.ActiveCfg = Release|Any CPU
		{61717A01-BFB6-418F-9EE9-EFC2B84BA403}.Release|Any CPU.Build.0 = Release|Any CPU
		{62837185-AC7E-4720-88FE-C6E83DAF1B91}.Debug|Any CPU.ActiveCfg = Debug|Any CPU
		{62837185-AC7E-4720-88FE-C6E83DAF1B91}.Debug|Any CPU.Build.0 = Debug|Any CPU
		{62837185-AC7E-4720-88FE-C6E83DAF1B91}.Release|Any CPU.ActiveCfg = Release|Any CPU
		{62837185-AC7E-4720-88FE-C6E83DAF1B91}.Release|Any CPU.Build.0 = Release|Any CPU
		{B93063B9-ED05-4E24-A67B-74FE61FC43C9}.Debug|Any CPU.ActiveCfg = Debug|Any CPU
		{B93063B9-ED05-4E24-A67B-74FE61FC43C9}.Debug|Any CPU.Build.0 = Debug|Any CPU
		{B93063B9-ED05-4E24-A67B-74FE61FC43C9}.Release|Any CPU.ActiveCfg = Release|Any CPU
		{B93063B9-ED05-4E24-A67B-74FE61FC43C9}.Release|Any CPU.Build.0 = Release|Any CPU
		{1FAD70E2-5AA5-4D21-AF9A-7EC3BDC44E55}.Debug|Any CPU.ActiveCfg = Debug|Any CPU
		{1FAD70E2-5AA5-4D21-AF9A-7EC3BDC44E55}.Debug|Any CPU.Build.0 = Debug|Any CPU
		{1FAD70E2-5AA5-4D21-AF9A-7EC3BDC44E55}.Release|Any CPU.ActiveCfg = Release|Any CPU
		{1FAD70E2-5AA5-4D21-AF9A-7EC3BDC44E55}.Release|Any CPU.Build.0 = Release|Any CPU
	EndGlobalSection
	GlobalSection(SolutionProperties) = preSolution
		HideSolutionNode = FALSE
	EndGlobalSection
	GlobalSection(ExtensibilityGlobals) = postSolution
		SolutionGuid = {AD1025D9-78FB-4F68-86A4-8068393F1259}
	EndGlobalSection
EndGlobal
